// !$*UTF8*$!
{
	archiveVersion = 1;
	classes = {
	};
	objectVersion = 46;
	objects = {

/* Begin PBXBuildFile section */
		524D9F0A1BF56426002F0491 /* main.m in Sources */ = {isa = PBXBuildFile; fileRef = 524D9F091BF56426002F0491 /* main.m */; };
		524D9F0D1BF56426002F0491 /* AppDelegate.m in Sources */ = {isa = PBXBuildFile; fileRef = 524D9F0C1BF56426002F0491 /* AppDelegate.m */; };
		524D9F131BF56426002F0491 /* Main.storyboard in Resources */ = {isa = PBXBuildFile; fileRef = 524D9F111BF56426002F0491 /* Main.storyboard */; };
		524D9F151BF56426002F0491 /* Assets.xcassets in Resources */ = {isa = PBXBuildFile; fileRef = 524D9F141BF56426002F0491 /* Assets.xcassets */; };
		524D9F181BF56426002F0491 /* LaunchScreen.storyboard in Resources */ = {isa = PBXBuildFile; fileRef = 524D9F161BF56426002F0491 /* LaunchScreen.storyboard */; };
		524D9F231BF56426002F0491 /* LXZhiHuDailyTests.m in Sources */ = {isa = PBXBuildFile; fileRef = 524D9F221BF56426002F0491 /* LXZhiHuDailyTests.m */; };
		524D9F2E1BF56426002F0491 /* LXZhiHuDailyUITests.m in Sources */ = {isa = PBXBuildFile; fileRef = 524D9F2D1BF56426002F0491 /* LXZhiHuDailyUITests.m */; };
		524D9F3E1BF56659002F0491 /* ThemesViewController.m in Sources */ = {isa = PBXBuildFile; fileRef = 524D9F3D1BF56659002F0491 /* ThemesViewController.m */; };
		524D9F421BF56677002F0491 /* ContentsViewController.m in Sources */ = {isa = PBXBuildFile; fileRef = 524D9F411BF56677002F0491 /* ContentsViewController.m */; };
		524D9F441BF56D4E002F0491 /* Default@2x.png in Resources */ = {isa = PBXBuildFile; fileRef = 524D9F431BF56D4E002F0491 /* Default@2x.png */; };
		524D9F4A1BF57398002F0491 /* ParallaxHeaderView.m in Sources */ = {isa = PBXBuildFile; fileRef = 524D9F471BF57398002F0491 /* ParallaxHeaderView.m */; };
		524D9F4B1BF57398002F0491 /* UIImage+ImageEffects.m in Sources */ = {isa = PBXBuildFile; fileRef = 524D9F491BF57398002F0491 /* UIImage+ImageEffects.m */; };
		524D9F501BF57D95002F0491 /* HttpRequest.m in Sources */ = {isa = PBXBuildFile; fileRef = 524D9F4F1BF57D95002F0491 /* HttpRequest.m */; };
		524D9F571BF5804A002F0491 /* Stories.m in Sources */ = {isa = PBXBuildFile; fileRef = 524D9F561BF5804A002F0491 /* Stories.m */; };
		524D9F5A1BF58192002F0491 /* TopStories.m in Sources */ = {isa = PBXBuildFile; fileRef = 524D9F591BF58192002F0491 /* TopStories.m */; };
		524D9F5F1BF58DFF002F0491 /* MainContentTableViewCell.m in Sources */ = {isa = PBXBuildFile; fileRef = 524D9F5E1BF58DFF002F0491 /* MainContentTableViewCell.m */; };
		82BD5B2108CDFB4AAFBCEC67 /* libPods.a in Frameworks */ = {isa = PBXBuildFile; fileRef = 7975569AB5ABA1E63A436D85 /* libPods.a */; };
/* End PBXBuildFile section */

/* Begin PBXContainerItemProxy section */
		524D9F1F1BF56426002F0491 /* PBXContainerItemProxy */ = {
			isa = PBXContainerItemProxy;
			containerPortal = 524D9EFD1BF56425002F0491 /* Project object */;
			proxyType = 1;
			remoteGlobalIDString = 524D9F041BF56426002F0491;
			remoteInfo = LXZhiHuDaily;
		};
		524D9F2A1BF56426002F0491 /* PBXContainerItemProxy */ = {
			isa = PBXContainerItemProxy;
			containerPortal = 524D9EFD1BF56425002F0491 /* Project object */;
			proxyType = 1;
			remoteGlobalIDString = 524D9F041BF56426002F0491;
			remoteInfo = LXZhiHuDaily;
		};
/* End PBXContainerItemProxy section */

/* Begin PBXFileReference section */
		524D9F051BF56426002F0491 /* LXZhiHuDaily.app */ = {isa = PBXFileReference; explicitFileType = wrapper.application; includeInIndex = 0; path = LXZhiHuDaily.app; sourceTree = BUILT_PRODUCTS_DIR; };
		524D9F091BF56426002F0491 /* main.m */ = {isa = PBXFileReference; lastKnownFileType = sourcecode.c.objc; path = main.m; sourceTree = "<group>"; };
		524D9F0B1BF56426002F0491 /* AppDelegate.h */ = {isa = PBXFileReference; lastKnownFileType = sourcecode.c.h; path = AppDelegate.h; sourceTree = "<group>"; };
		524D9F0C1BF56426002F0491 /* AppDelegate.m */ = {isa = PBXFileReference; lastKnownFileType = sourcecode.c.objc; path = AppDelegate.m; sourceTree = "<group>"; };
		524D9F121BF56426002F0491 /* Base */ = {isa = PBXFileReference; lastKnownFileType = file.storyboard; name = Base; path = Base.lproj/Main.storyboard; sourceTree = "<group>"; };
		524D9F141BF56426002F0491 /* Assets.xcassets */ = {isa = PBXFileReference; lastKnownFileType = folder.assetcatalog; path = Assets.xcassets; sourceTree = "<group>"; };
		524D9F171BF56426002F0491 /* Base */ = {isa = PBXFileReference; lastKnownFileType = file.storyboard; name = Base; path = Base.lproj/LaunchScreen.storyboard; sourceTree = "<group>"; };
		524D9F191BF56426002F0491 /* Info.plist */ = {isa = PBXFileReference; lastKnownFileType = text.plist.xml; path = Info.plist; sourceTree = "<group>"; };
		524D9F1E1BF56426002F0491 /* LXZhiHuDailyTests.xctest */ = {isa = PBXFileReference; explicitFileType = wrapper.cfbundle; includeInIndex = 0; path = LXZhiHuDailyTests.xctest; sourceTree = BUILT_PRODUCTS_DIR; };
		524D9F221BF56426002F0491 /* LXZhiHuDailyTests.m */ = {isa = PBXFileReference; lastKnownFileType = sourcecode.c.objc; path = LXZhiHuDailyTests.m; sourceTree = "<group>"; };
		524D9F241BF56426002F0491 /* Info.plist */ = {isa = PBXFileReference; lastKnownFileType = text.plist.xml; path = Info.plist; sourceTree = "<group>"; };
		524D9F291BF56426002F0491 /* LXZhiHuDailyUITests.xctest */ = {isa = PBXFileReference; explicitFileType = wrapper.cfbundle; includeInIndex = 0; path = LXZhiHuDailyUITests.xctest; sourceTree = BUILT_PRODUCTS_DIR; };
		524D9F2D1BF56426002F0491 /* LXZhiHuDailyUITests.m */ = {isa = PBXFileReference; lastKnownFileType = sourcecode.c.objc; path = LXZhiHuDailyUITests.m; sourceTree = "<group>"; };
		524D9F2F1BF56426002F0491 /* Info.plist */ = {isa = PBXFileReference; lastKnownFileType = text.plist.xml; path = Info.plist; sourceTree = "<group>"; };
		524D9F3C1BF56659002F0491 /* ThemesViewController.h */ = {isa = PBXFileReference; fileEncoding = 4; lastKnownFileType = sourcecode.c.h; path = ThemesViewController.h; sourceTree = "<group>"; };
		524D9F3D1BF56659002F0491 /* ThemesViewController.m */ = {isa = PBXFileReference; fileEncoding = 4; lastKnownFileType = sourcecode.c.objc; path = ThemesViewController.m; sourceTree = "<group>"; };
		524D9F401BF56677002F0491 /* ContentsViewController.h */ = {isa = PBXFileReference; fileEncoding = 4; lastKnownFileType = sourcecode.c.h; path = ContentsViewController.h; sourceTree = "<group>"; };
		524D9F411BF56677002F0491 /* ContentsViewController.m */ = {isa = PBXFileReference; fileEncoding = 4; lastKnownFileType = sourcecode.c.objc; path = ContentsViewController.m; sourceTree = "<group>"; };
		524D9F431BF56D4E002F0491 /* Default@2x.png */ = {isa = PBXFileReference; lastKnownFileType = image.png; path = "Default@2x.png"; sourceTree = "<group>"; };
		524D9F461BF57398002F0491 /* ParallaxHeaderView.h */ = {isa = PBXFileReference; fileEncoding = 4; lastKnownFileType = sourcecode.c.h; path = ParallaxHeaderView.h; sourceTree = "<group>"; };
		524D9F471BF57398002F0491 /* ParallaxHeaderView.m */ = {isa = PBXFileReference; fileEncoding = 4; lastKnownFileType = sourcecode.c.objc; path = ParallaxHeaderView.m; sourceTree = "<group>"; };
		524D9F481BF57398002F0491 /* UIImage+ImageEffects.h */ = {isa = PBXFileReference; fileEncoding = 4; lastKnownFileType = sourcecode.c.h; path = "UIImage+ImageEffects.h"; sourceTree = "<group>"; };
		524D9F491BF57398002F0491 /* UIImage+ImageEffects.m */ = {isa = PBXFileReference; fileEncoding = 4; lastKnownFileType = sourcecode.c.objc; path = "UIImage+ImageEffects.m"; sourceTree = "<group>"; };
		524D9F4E1BF57D95002F0491 /* HttpRequest.h */ = {isa = PBXFileReference; fileEncoding = 4; lastKnownFileType = sourcecode.c.h; path = HttpRequest.h; sourceTree = "<group>"; };
		524D9F4F1BF57D95002F0491 /* HttpRequest.m */ = {isa = PBXFileReference; fileEncoding = 4; lastKnownFileType = sourcecode.c.objc; path = HttpRequest.m; sourceTree = "<group>"; };
		524D9F551BF5804A002F0491 /* Stories.h */ = {isa = PBXFileReference; fileEncoding = 4; lastKnownFileType = sourcecode.c.h; path = Stories.h; sourceTree = "<group>"; };
		524D9F561BF5804A002F0491 /* Stories.m */ = {isa = PBXFileReference; fileEncoding = 4; lastKnownFileType = sourcecode.c.objc; path = Stories.m; sourceTree = "<group>"; };
		524D9F581BF58192002F0491 /* TopStories.h */ = {isa = PBXFileReference; fileEncoding = 4; lastKnownFileType = sourcecode.c.h; path = TopStories.h; sourceTree = "<group>"; };
		524D9F591BF58192002F0491 /* TopStories.m */ = {isa = PBXFileReference; fileEncoding = 4; lastKnownFileType = sourcecode.c.objc; path = TopStories.m; sourceTree = "<group>"; };
		524D9F5D1BF58DFF002F0491 /* MainContentTableViewCell.h */ = {isa = PBXFileReference; fileEncoding = 4; lastKnownFileType = sourcecode.c.h; path = MainContentTableViewCell.h; sourceTree = "<group>"; };
		524D9F5E1BF58DFF002F0491 /* MainContentTableViewCell.m */ = {isa = PBXFileReference; fileEncoding = 4; lastKnownFileType = sourcecode.c.objc; path = MainContentTableViewCell.m; sourceTree = "<group>"; };
		7975569AB5ABA1E63A436D85 /* libPods.a */ = {isa = PBXFileReference; explicitFileType = archive.ar; includeInIndex = 0; path = libPods.a; sourceTree = BUILT_PRODUCTS_DIR; };
		A05C0CDFF7BB7F80F88F8C8A /* Pods.release.xcconfig */ = {isa = PBXFileReference; includeInIndex = 1; lastKnownFileType = text.xcconfig; name = Pods.release.xcconfig; path = "Pods/Target Support Files/Pods/Pods.release.xcconfig"; sourceTree = "<group>"; };
		D33210E76DFE89B8463AB6E8 /* Pods.debug.xcconfig */ = {isa = PBXFileReference; includeInIndex = 1; lastKnownFileType = text.xcconfig; name = Pods.debug.xcconfig; path = "Pods/Target Support Files/Pods/Pods.debug.xcconfig"; sourceTree = "<group>"; };
/* End PBXFileReference section */

/* Begin PBXFrameworksBuildPhase section */
		524D9F021BF56426002F0491 /* Frameworks */ = {
			isa = PBXFrameworksBuildPhase;
			buildActionMask = 2147483647;
			files = (
				82BD5B2108CDFB4AAFBCEC67 /* libPods.a in Frameworks */,
			);
			runOnlyForDeploymentPostprocessing = 0;
		};
		524D9F1B1BF56426002F0491 /* Frameworks */ = {
			isa = PBXFrameworksBuildPhase;
			buildActionMask = 2147483647;
			files = (
			);
			runOnlyForDeploymentPostprocessing = 0;
		};
		524D9F261BF56426002F0491 /* Frameworks */ = {
			isa = PBXFrameworksBuildPhase;
			buildActionMask = 2147483647;
			files = (
			);
			runOnlyForDeploymentPostprocessing = 0;
		};
/* End PBXFrameworksBuildPhase section */

/* Begin PBXGroup section */
		524D9EFC1BF56425002F0491 = {
			isa = PBXGroup;
			children = (
				524D9F071BF56426002F0491 /* LXZhiHuDaily */,
				524D9F211BF56426002F0491 /* LXZhiHuDailyTests */,
				524D9F2C1BF56426002F0491 /* LXZhiHuDailyUITests */,
				524D9F061BF56426002F0491 /* Products */,
				A82B75FA3532732F110159C9 /* Pods */,
				67B3DE26B2B0BE9CDA8E7622 /* Frameworks */,
			);
			sourceTree = "<group>";
		};
		524D9F061BF56426002F0491 /* Products */ = {
			isa = PBXGroup;
			children = (
				524D9F051BF56426002F0491 /* LXZhiHuDaily.app */,
				524D9F1E1BF56426002F0491 /* LXZhiHuDailyTests.xctest */,
				524D9F291BF56426002F0491 /* LXZhiHuDailyUITests.xctest */,
			);
			name = Products;
			sourceTree = "<group>";
		};
		524D9F071BF56426002F0491 /* LXZhiHuDaily */ = {
			isa = PBXGroup;
			children = (
				524D9F0B1BF56426002F0491 /* AppDelegate.h */,
				524D9F0C1BF56426002F0491 /* AppDelegate.m */,
				524D9F3F1BF56664002F0491 /* MainContents */,
				524D9F3B1BF5663E002F0491 /* Themes */,
				524D9F4C1BF5739D002F0491 /* tools */,
				524D9F4D1BF57D63002F0491 /* HttpRequest */,
				524D9F111BF56426002F0491 /* Main.storyboard */,
				524D9F431BF56D4E002F0491 /* Default@2x.png */,
				524D9F141BF56426002F0491 /* Assets.xcassets */,
				524D9F161BF56426002F0491 /* LaunchScreen.storyboard */,
				524D9F191BF56426002F0491 /* Info.plist */,
				524D9F081BF56426002F0491 /* Supporting Files */,
			);
			path = LXZhiHuDaily;
			sourceTree = "<group>";
		};
		524D9F081BF56426002F0491 /* Supporting Files */ = {
			isa = PBXGroup;
			children = (
				524D9F091BF56426002F0491 /* main.m */,
			);
			name = "Supporting Files";
			sourceTree = "<group>";
		};
		524D9F211BF56426002F0491 /* LXZhiHuDailyTests */ = {
			isa = PBXGroup;
			children = (
				524D9F221BF56426002F0491 /* LXZhiHuDailyTests.m */,
				524D9F241BF56426002F0491 /* Info.plist */,
			);
			path = LXZhiHuDailyTests;
			sourceTree = "<group>";
		};
		524D9F2C1BF56426002F0491 /* LXZhiHuDailyUITests */ = {
			isa = PBXGroup;
			children = (
				524D9F2D1BF56426002F0491 /* LXZhiHuDailyUITests.m */,
				524D9F2F1BF56426002F0491 /* Info.plist */,
			);
			path = LXZhiHuDailyUITests;
			sourceTree = "<group>";
		};
		524D9F3B1BF5663E002F0491 /* Themes */ = {
			isa = PBXGroup;
			children = (
				524D9F3C1BF56659002F0491 /* ThemesViewController.h */,
				524D9F3D1BF56659002F0491 /* ThemesViewController.m */,
			);
			name = Themes;
			sourceTree = "<group>";
		};
		524D9F3F1BF56664002F0491 /* MainContents */ = {
			isa = PBXGroup;
			children = (
				524D9F5B1BF58DDC002F0491 /* views */,
				524D9F511BF57F9F002F0491 /* model */,
				524D9F451BF5722C002F0491 /* controllers */,
			);
			name = MainContents;
			sourceTree = "<group>";
		};
		524D9F451BF5722C002F0491 /* controllers */ = {
			isa = PBXGroup;
			children = (
				524D9F401BF56677002F0491 /* ContentsViewController.h */,
				524D9F411BF56677002F0491 /* ContentsViewController.m */,
			);
			name = controllers;
			sourceTree = "<group>";
		};
		524D9F4C1BF5739D002F0491 /* tools */ = {
			isa = PBXGroup;
			children = (
				524D9F461BF57398002F0491 /* ParallaxHeaderView.h */,
				524D9F471BF57398002F0491 /* ParallaxHeaderView.m */,
				524D9F481BF57398002F0491 /* UIImage+ImageEffects.h */,
				524D9F491BF57398002F0491 /* UIImage+ImageEffects.m */,
			);
			name = tools;
			sourceTree = "<group>";
		};
		524D9F4D1BF57D63002F0491 /* HttpRequest */ = {
			isa = PBXGroup;
			children = (
				524D9F4E1BF57D95002F0491 /* HttpRequest.h */,
				524D9F4F1BF57D95002F0491 /* HttpRequest.m */,
			);
			name = HttpRequest;
			sourceTree = "<group>";
		};
		524D9F511BF57F9F002F0491 /* model */ = {
			isa = PBXGroup;
			children = (
				524D9F551BF5804A002F0491 /* Stories.h */,
				524D9F561BF5804A002F0491 /* Stories.m */,
				524D9F581BF58192002F0491 /* TopStories.h */,
				524D9F591BF58192002F0491 /* TopStories.m */,
			);
			name = model;
			sourceTree = "<group>";
		};
		524D9F5B1BF58DDC002F0491 /* views */ = {
			isa = PBXGroup;
			children = (
				524D9F5D1BF58DFF002F0491 /* MainContentTableViewCell.h */,
				524D9F5E1BF58DFF002F0491 /* MainContentTableViewCell.m */,
			);
			name = views;
			sourceTree = "<group>";
		};
		67B3DE26B2B0BE9CDA8E7622 /* Frameworks */ = {
			isa = PBXGroup;
			children = (
				7975569AB5ABA1E63A436D85 /* libPods.a */,
			);
			name = Frameworks;
			sourceTree = "<group>";
		};
		A82B75FA3532732F110159C9 /* Pods */ = {
			isa = PBXGroup;
			children = (
				D33210E76DFE89B8463AB6E8 /* Pods.debug.xcconfig */,
				A05C0CDFF7BB7F80F88F8C8A /* Pods.release.xcconfig */,
			);
			name = Pods;
			sourceTree = "<group>";
		};
/* End PBXGroup section */

/* Begin PBXNativeTarget section */
		524D9F041BF56426002F0491 /* LXZhiHuDaily */ = {
			isa = PBXNativeTarget;
			buildConfigurationList = 524D9F321BF56426002F0491 /* Build configuration list for PBXNativeTarget "LXZhiHuDaily" */;
			buildPhases = (
				F0ED5EF1AE31C9B555C61319 /* Check Pods Manifest.lock */,
				524D9F011BF56426002F0491 /* Sources */,
				524D9F021BF56426002F0491 /* Frameworks */,
				524D9F031BF56426002F0491 /* Resources */,
				EF90C72516CD71E1B1F91E74 /* Embed Pods Frameworks */,
				6742D40DF0945670718D851F /* Copy Pods Resources */,
			);
			buildRules = (
			);
			dependencies = (
			);
			name = LXZhiHuDaily;
			productName = LXZhiHuDaily;
			productReference = 524D9F051BF56426002F0491 /* LXZhiHuDaily.app */;
			productType = "com.apple.product-type.application";
		};
		524D9F1D1BF56426002F0491 /* LXZhiHuDailyTests */ = {
			isa = PBXNativeTarget;
			buildConfigurationList = 524D9F351BF56426002F0491 /* Build configuration list for PBXNativeTarget "LXZhiHuDailyTests" */;
			buildPhases = (
				524D9F1A1BF56426002F0491 /* Sources */,
				524D9F1B1BF56426002F0491 /* Frameworks */,
				524D9F1C1BF56426002F0491 /* Resources */,
			);
			buildRules = (
			);
			dependencies = (
				524D9F201BF56426002F0491 /* PBXTargetDependency */,
			);
			name = LXZhiHuDailyTests;
			productName = LXZhiHuDailyTests;
			productReference = 524D9F1E1BF56426002F0491 /* LXZhiHuDailyTests.xctest */;
			productType = "com.apple.product-type.bundle.unit-test";
		};
		524D9F281BF56426002F0491 /* LXZhiHuDailyUITests */ = {
			isa = PBXNativeTarget;
			buildConfigurationList = 524D9F381BF56426002F0491 /* Build configuration list for PBXNativeTarget "LXZhiHuDailyUITests" */;
			buildPhases = (
				524D9F251BF56426002F0491 /* Sources */,
				524D9F261BF56426002F0491 /* Frameworks */,
				524D9F271BF56426002F0491 /* Resources */,
			);
			buildRules = (
			);
			dependencies = (
				524D9F2B1BF56426002F0491 /* PBXTargetDependency */,
			);
			name = LXZhiHuDailyUITests;
			productName = LXZhiHuDailyUITests;
			productReference = 524D9F291BF56426002F0491 /* LXZhiHuDailyUITests.xctest */;
			productType = "com.apple.product-type.bundle.ui-testing";
		};
/* End PBXNativeTarget section */

/* Begin PBXProject section */
		524D9EFD1BF56425002F0491 /* Project object */ = {
			isa = PBXProject;
			attributes = {
				LastUpgradeCheck = 0710;
				ORGANIZATIONNAME = LonelyStone;
				TargetAttributes = {
					524D9F041BF56426002F0491 = {
						CreatedOnToolsVersion = 7.1;
						DevelopmentTeam = ZDAWAQ4Z2G;
					};
					524D9F1D1BF56426002F0491 = {
						CreatedOnToolsVersion = 7.1;
						DevelopmentTeam = ZDAWAQ4Z2G;
						TestTargetID = 524D9F041BF56426002F0491;
					};
					524D9F281BF56426002F0491 = {
						CreatedOnToolsVersion = 7.1;
						DevelopmentTeam = ZDAWAQ4Z2G;
						TestTargetID = 524D9F041BF56426002F0491;
					};
				};
			};
			buildConfigurationList = 524D9F001BF56425002F0491 /* Build configuration list for PBXProject "LXZhiHuDaily" */;
			compatibilityVersion = "Xcode 3.2";
			developmentRegion = English;
			hasScannedForEncodings = 0;
			knownRegions = (
				en,
				Base,
			);
			mainGroup = 524D9EFC1BF56425002F0491;
			productRefGroup = 524D9F061BF56426002F0491 /* Products */;
			projectDirPath = "";
			projectRoot = "";
			targets = (
				524D9F041BF56426002F0491 /* LXZhiHuDaily */,
				524D9F1D1BF56426002F0491 /* LXZhiHuDailyTests */,
				524D9F281BF56426002F0491 /* LXZhiHuDailyUITests */,
			);
		};
/* End PBXProject section */

/* Begin PBXResourcesBuildPhase section */
		524D9F031BF56426002F0491 /* Resources */ = {
			isa = PBXResourcesBuildPhase;
			buildActionMask = 2147483647;
			files = (
				524D9F181BF56426002F0491 /* LaunchScreen.storyboard in Resources */,
				524D9F441BF56D4E002F0491 /* Default@2x.png in Resources */,
				524D9F151BF56426002F0491 /* Assets.xcassets in Resources */,
				524D9F131BF56426002F0491 /* Main.storyboard in Resources */,
			);
			runOnlyForDeploymentPostprocessing = 0;
		};
		524D9F1C1BF56426002F0491 /* Resources */ = {
			isa = PBXResourcesBuildPhase;
			buildActionMask = 2147483647;
			files = (
			);
			runOnlyForDeploymentPostprocessing = 0;
		};
		524D9F271BF56426002F0491 /* Resources */ = {
			isa = PBXResourcesBuildPhase;
			buildActionMask = 2147483647;
			files = (
			);
			runOnlyForDeploymentPostprocessing = 0;
		};
/* End PBXResourcesBuildPhase section */

/* Begin PBXShellScriptBuildPhase section */
		6742D40DF0945670718D851F /* Copy Pods Resources */ = {
			isa = PBXShellScriptBuildPhase;
			buildActionMask = 2147483647;
			files = (
			);
			inputPaths = (
			);
			name = "Copy Pods Resources";
			outputPaths = (
			);
			runOnlyForDeploymentPostprocessing = 0;
			shellPath = /bin/sh;
			shellScript = "\"${SRCROOT}/Pods/Target Support Files/Pods/Pods-resources.sh\"\n";
			showEnvVarsInLog = 0;
		};
		EF90C72516CD71E1B1F91E74 /* Embed Pods Frameworks */ = {
			isa = PBXShellScriptBuildPhase;
			buildActionMask = 2147483647;
			files = (
			);
			inputPaths = (
			);
			name = "Embed Pods Frameworks";
			outputPaths = (
			);
			runOnlyForDeploymentPostprocessing = 0;
			shellPath = /bin/sh;
			shellScript = "\"${SRCROOT}/Pods/Target Support Files/Pods/Pods-frameworks.sh\"\n";
			showEnvVarsInLog = 0;
		};
		F0ED5EF1AE31C9B555C61319 /* Check Pods Manifest.lock */ = {
			isa = PBXShellScriptBuildPhase;
			buildActionMask = 2147483647;
			files = (
			);
			inputPaths = (
			);
			name = "Check Pods Manifest.lock";
			outputPaths = (
			);
			runOnlyForDeploymentPostprocessing = 0;
			shellPath = /bin/sh;
			shellScript = "diff \"${PODS_ROOT}/../Podfile.lock\" \"${PODS_ROOT}/Manifest.lock\" > /dev/null\nif [[ $? != 0 ]] ; then\n    cat << EOM\nerror: The sandbox is not in sync with the Podfile.lock. Run 'pod install' or update your CocoaPods installation.\nEOM\n    exit 1\nfi\n";
			showEnvVarsInLog = 0;
		};
/* End PBXShellScriptBuildPhase section */

/* Begin PBXSourcesBuildPhase section */
		524D9F011BF56426002F0491 /* Sources */ = {
			isa = PBXSourcesBuildPhase;
			buildActionMask = 2147483647;
			files = (
				524D9F4A1BF57398002F0491 /* ParallaxHeaderView.m in Sources */,
				524D9F421BF56677002F0491 /* ContentsViewController.m in Sources */,
				524D9F4B1BF57398002F0491 /* UIImage+ImageEffects.m in Sources */,
				524D9F0D1BF56426002F0491 /* AppDelegate.m in Sources */,
				524D9F501BF57D95002F0491 /* HttpRequest.m in Sources */,
				524D9F0A1BF56426002F0491 /* main.m in Sources */,
				524D9F5F1BF58DFF002F0491 /* MainContentTableViewCell.m in Sources */,
				524D9F3E1BF56659002F0491 /* ThemesViewController.m in Sources */,
				524D9F571BF5804A002F0491 /* Stories.m in Sources */,
				524D9F5A1BF58192002F0491 /* TopStories.m in Sources */,
			);
			runOnlyForDeploymentPostprocessing = 0;
		};
		524D9F1A1BF56426002F0491 /* Sources */ = {
			isa = PBXSourcesBuildPhase;
			buildActionMask = 2147483647;
			files = (
				524D9F231BF56426002F0491 /* LXZhiHuDailyTests.m in Sources */,
			);
			runOnlyForDeploymentPostprocessing = 0;
		};
		524D9F251BF56426002F0491 /* Sources */ = {
			isa = PBXSourcesBuildPhase;
			buildActionMask = 2147483647;
			files = (
				524D9F2E1BF56426002F0491 /* LXZhiHuDailyUITests.m in Sources */,
			);
			runOnlyForDeploymentPostprocessing = 0;
		};
/* End PBXSourcesBuildPhase section */

/* Begin PBXTargetDependency section */
		524D9F201BF56426002F0491 /* PBXTargetDependency */ = {
			isa = PBXTargetDependency;
			target = 524D9F041BF56426002F0491 /* LXZhiHuDaily */;
			targetProxy = 524D9F1F1BF56426002F0491 /* PBXContainerItemProxy */;
		};
		524D9F2B1BF56426002F0491 /* PBXTargetDependency */ = {
			isa = PBXTargetDependency;
			target = 524D9F041BF56426002F0491 /* LXZhiHuDaily */;
			targetProxy = 524D9F2A1BF56426002F0491 /* PBXContainerItemProxy */;
		};
/* End PBXTargetDependency section */

/* Begin PBXVariantGroup section */
		524D9F111BF56426002F0491 /* Main.storyboard */ = {
			isa = PBXVariantGroup;
			children = (
				524D9F121BF56426002F0491 /* Base */,
			);
			name = Main.storyboard;
			sourceTree = "<group>";
		};
		524D9F161BF56426002F0491 /* LaunchScreen.storyboard */ = {
			isa = PBXVariantGroup;
			children = (
				524D9F171BF56426002F0491 /* Base */,
			);
			name = LaunchScreen.storyboard;
			sourceTree = "<group>";
		};
/* End PBXVariantGroup section */

/* Begin XCBuildConfiguration section */
		524D9F301BF56426002F0491 /* Debug */ = {
			isa = XCBuildConfiguration;
			buildSettings = {
				ALWAYS_SEARCH_USER_PATHS = NO;
				CLANG_CXX_LANGUAGE_STANDARD = "gnu++0x";
				CLANG_CXX_LIBRARY = "libc++";
				CLANG_ENABLE_MODULES = YES;
				CLANG_ENABLE_OBJC_ARC = YES;
				CLANG_WARN_BOOL_CONVERSION = YES;
				CLANG_WARN_CONSTANT_CONVERSION = YES;
				CLANG_WARN_DIRECT_OBJC_ISA_USAGE = YES_ERROR;
				CLANG_WARN_EMPTY_BODY = YES;
				CLANG_WARN_ENUM_CONVERSION = YES;
				CLANG_WARN_INT_CONVERSION = YES;
				CLANG_WARN_OBJC_ROOT_CLASS = YES_ERROR;
				CLANG_WARN_UNREACHABLE_CODE = YES;
				CLANG_WARN__DUPLICATE_METHOD_MATCH = YES;
				"CODE_SIGN_IDENTITY[sdk=iphoneos*]" = "iPhone Developer";
				COPY_PHASE_STRIP = NO;
				DEBUG_INFORMATION_FORMAT = dwarf;
				ENABLE_STRICT_OBJC_MSGSEND = YES;
				ENABLE_TESTABILITY = YES;
				GCC_C_LANGUAGE_STANDARD = gnu99;
				GCC_DYNAMIC_NO_PIC = NO;
				GCC_NO_COMMON_BLOCKS = YES;
				GCC_OPTIMIZATION_LEVEL = 0;
				GCC_PREPROCESSOR_DEFINITIONS = (
					"DEBUG=1",
					"$(inherited)",
				);
				GCC_WARN_64_TO_32_BIT_CONVERSION = YES;
				GCC_WARN_ABOUT_RETURN_TYPE = YES_ERROR;
				GCC_WARN_UNDECLARED_SELECTOR = YES;
				GCC_WARN_UNINITIALIZED_AUTOS = YES_AGGRESSIVE;
				GCC_WARN_UNUSED_FUNCTION = YES;
				GCC_WARN_UNUSED_VARIABLE = YES;
				IPHONEOS_DEPLOYMENT_TARGET = 9.1;
				MTL_ENABLE_DEBUG_INFO = YES;
				ONLY_ACTIVE_ARCH = YES;
				SDKROOT = iphoneos;
			};
			name = Debug;
		};
		524D9F311BF56426002F0491 /* Release */ = {
			isa = XCBuildConfiguration;
			buildSettings = {
				ALWAYS_SEARCH_USER_PATHS = NO;
				CLANG_CXX_LANGUAGE_STANDARD = "gnu++0x";
				CLANG_CXX_LIBRARY = "libc++";
				CLANG_ENABLE_MODULES = YES;
				CLANG_ENABLE_OBJC_ARC = YES;
				CLANG_WARN_BOOL_CONVERSION = YES;
				CLANG_WARN_CONSTANT_CONVERSION = YES;
				CLANG_WARN_DIRECT_OBJC_ISA_USAGE = YES_ERROR;
				CLANG_WARN_EMPTY_BODY = YES;
				CLANG_WARN_ENUM_CONVERSION = YES;
				CLANG_WARN_INT_CONVERSION = YES;
				CLANG_WARN_OBJC_ROOT_CLASS = YES_ERROR;
				CLANG_WARN_UNREACHABLE_CODE = YES;
				CLANG_WARN__DUPLICATE_METHOD_MATCH = YES;
				"CODE_SIGN_IDENTITY[sdk=iphoneos*]" = "iPhone Developer";
				COPY_PHASE_STRIP = NO;
				DEBUG_INFORMATION_FORMAT = "dwarf-with-dsym";
				ENABLE_NS_ASSERTIONS = NO;
				ENABLE_STRICT_OBJC_MSGSEND = YES;
				GCC_C_LANGUAGE_STANDARD = gnu99;
				GCC_NO_COMMON_BLOCKS = YES;
				GCC_WARN_64_TO_32_BIT_CONVERSION = YES;
				GCC_WARN_ABOUT_RETURN_TYPE = YES_ERROR;
				GCC_WARN_UNDECLARED_SELECTOR = YES;
				GCC_WARN_UNINITIALIZED_AUTOS = YES_AGGRESSIVE;
				GCC_WARN_UNUSED_FUNCTION = YES;
				GCC_WARN_UNUSED_VARIABLE = YES;
				IPHONEOS_DEPLOYMENT_TARGET = 9.1;
				MTL_ENABLE_DEBUG_INFO = NO;
				SDKROOT = iphoneos;
				VALIDATE_PRODUCT = YES;
			};
			name = Release;
		};
		524D9F331BF56426002F0491 /* Debug */ = {
			isa = XCBuildConfiguration;
			baseConfigurationReference = D33210E76DFE89B8463AB6E8 /* Pods.debug.xcconfig */;
			buildSettings = {
				ASSETCATALOG_COMPILER_APPICON_NAME = AppIcon;
				INFOPLIST_FILE = LXZhiHuDaily/Info.plist;
				LD_RUNPATH_SEARCH_PATHS = "$(inherited) @executable_path/Frameworks";
				PRODUCT_BUNDLE_IDENTIFIER = com.LonelyStone.LXZhiHuDaily;
				PRODUCT_NAME = "$(TARGET_NAME)";
			};
			name = Debug;
		};
		524D9F341BF56426002F0491 /* Release */ = {
			isa = XCBuildConfiguration;
			baseConfigurationReference = A05C0CDFF7BB7F80F88F8C8A /* Pods.release.xcconfig */;
			buildSettings = {
				ASSETCATALOG_COMPILER_APPICON_NAME = AppIcon;
				INFOPLIST_FILE = LXZhiHuDaily/Info.plist;
				LD_RUNPATH_SEARCH_PATHS = "$(inherited) @executable_path/Frameworks";
				PRODUCT_BUNDLE_IDENTIFIER = com.LonelyStone.LXZhiHuDaily;
				PRODUCT_NAME = "$(TARGET_NAME)";
			};
			name = Release;
		};
		524D9F361BF56426002F0491 /* Debug */ = {
			isa = XCBuildConfiguration;
			buildSettings = {
				BUNDLE_LOADER = "$(TEST_HOST)";
				INFOPLIST_FILE = LXZhiHuDailyTests/Info.plist;
				LD_RUNPATH_SEARCH_PATHS = "$(inherited) @executable_path/Frameworks @loader_path/Frameworks";
				PRODUCT_BUNDLE_IDENTIFIER = com.LonelyStone.LXZhiHuDailyTests;
				PRODUCT_NAME = "$(TARGET_NAME)";
				TEST_HOST = "$(BUILT_PRODUCTS_DIR)/LXZhiHuDaily.app/LXZhiHuDaily";
			};
			name = Debug;
		};
		524D9F371BF56426002F0491 /* Release */ = {
			isa = XCBuildConfiguration;
			buildSettings = {
				BUNDLE_LOADER = "$(TEST_HOST)";
				INFOPLIST_FILE = LXZhiHuDailyTests/Info.plist;
				LD_RUNPATH_SEARCH_PATHS = "$(inherited) @executable_path/Frameworks @loader_path/Frameworks";
				PRODUCT_BUNDLE_IDENTIFIER = com.LonelyStone.LXZhiHuDailyTests;
				PRODUCT_NAME = "$(TARGET_NAME)";
				TEST_HOST = "$(BUILT_PRODUCTS_DIR)/LXZhiHuDaily.app/LXZhiHuDaily";
			};
			name = Release;
		};
		524D9F391BF56426002F0491 /* Debug */ = {
			isa = XCBuildConfiguration;
			buildSettings = {
				INFOPLIST_FILE = LXZhiHuDailyUITests/Info.plist;
				LD_RUNPATH_SEARCH_PATHS = "$(inherited) @executable_path/Frameworks @loader_path/Frameworks";
				PRODUCT_BUNDLE_IDENTIFIER = com.LonelyStone.LXZhiHuDailyUITests;
				PRODUCT_NAME = "$(TARGET_NAME)";
				TEST_TARGET_NAME = LXZhiHuDaily;
				USES_XCTRUNNER = YES;
			};
			name = Debug;
		};
		524D9F3A1BF56426002F0491 /* Release */ = {
			isa = XCBuildConfiguration;
			buildSettings = {
				INFOPLIST_FILE = LXZhiHuDailyUITests/Info.plist;
				LD_RUNPATH_SEARCH_PATHS = "$(inherited) @executable_path/Frameworks @loader_path/Frameworks";
				PRODUCT_BUNDLE_IDENTIFIER = com.LonelyStone.LXZhiHuDailyUITests;
				PRODUCT_NAME = "$(TARGET_NAME)";
				TEST_TARGET_NAME = LXZhiHuDaily;
				USES_XCTRUNNER = YES;
			};
			name = Release;
		};
/* End XCBuildConfiguration section */

/* Begin XCConfigurationList section */
		524D9F001BF56425002F0491 /* Build configuration list for PBXProject "LXZhiHuDaily" */ = {
			isa = XCConfigurationList;
			buildConfigurations = (
				524D9F301BF56426002F0491 /* Debug */,
				524D9F311BF56426002F0491 /* Release */,
			);
			defaultConfigurationIsVisible = 0;
			defaultConfigurationName = Release;
		};
		524D9F321BF56426002F0491 /* Build configuration list for PBXNativeTarget "LXZhiHuDaily" */ = {
			isa = XCConfigurationList;
			buildConfigurations = (
				524D9F331BF56426002F0491 /* Debug */,
				524D9F341BF56426002F0491 /* Release */,
			);
			defaultConfigurationIsVisible = 0;
			defaultConfigurationName = Release;
		};
		524D9F351BF56426002F0491 /* Build configuration list for PBXNativeTarget "LXZhiHuDailyTests" */ = {
			isa = XCConfigurationList;
			buildConfigurations = (
				524D9F361BF56426002F0491 /* Debug */,
				524D9F371BF56426002F0491 /* Release */,
			);
			defaultConfigurationIsVisible = 0;
			defaultConfigurationName = Release;
		};
		524D9F381BF56426002F0491 /* Build configuration list for PBXNativeTarget "LXZhiHuDailyUITests" */ = {
			isa = XCConfigurationList;
			buildConfigurations = (
				524D9F391BF56426002F0491 /* Debug */,
				524D9F3A1BF56426002F0491 /* Release */,
			);
			defaultConfigurationIsVisible = 0;
			defaultConfigurationName = Release;
		};
/* End XCConfigurationList section */
	};
	rootObject = 524D9EFD1BF56425002F0491 /* Project object */;
}
